PODS:
  - SDStateTableView (0.0.3-beta)

DEPENDENCIES:
  - SDStateTableView (from `../`)

EXTERNAL SOURCES:
  SDStateTableView:
    :path: "../"

SPEC CHECKSUMS:
  SDStateTableView: d96bf144fc584c86524a3180ba66f4f8d43e0f0c

PODFILE CHECKSUM: 02b529431157bdeeb643c1e3a1d6d2ca14950045

COCOAPODS: 1.5.3
